
Microsoft Visual Studio Solution File, Format Version 12.00
# Visual Studio Version 17
VisualStudioVersion = 17.4.33213.308
MinimumVisualStudioVersion = 10.0.40219.1
Project("{8BC9CEB8-8B4A-11D0-8D11-00A0C91BC942}") = "Day18.1", "Day18.1.vcxproj", "{787BEF17-9876-4569-87EA-D29603BC6BE1}"
EndProject
Global
	GlobalSection(SolutionConfigurationPlatforms) = preSolution
		Debug|x64 = Debug|x64
		Debug|x86 = Debug|x86
		Release|x64 = Release|x64
		Release|x86 = Release|x86
	EndGlobalSection
	GlobalSection(ProjectConfigurationPlatforms) = postSolution
		{787BEF17-9876-4569-87EA-D29603BC6BE1}.Debug|x64.ActiveCfg = Debug|x64
		{787BEF17-9876-4569-87EA-D29603BC6BE1}.Debug|x64.Build.0 = Debug|x64
		{787BEF17-9876-4569-87EA-D29603BC6BE1}.Debug|x86.ActiveCfg = Debug|Win32
		{787BEF17-9876-4569-87EA-D29603BC6BE1}.Debug|x86.Build.0 = Debug|Win32
		{787BEF17-9876-4569-87EA-D29603BC6BE1}.Release|x64.ActiveCfg = Release|x64
		{787BEF17-9876-4569-87EA-D29603BC6BE1}.Release|x64.Build.0 = Release|x64
		{787BEF17-9876-4569-87EA-D29603BC6BE1}.Release|x86.ActiveCfg = Release|Win32
		{787BEF17-9876-4569-87EA-D29603BC6BE1}.Release|x86.Build.0 = Release|Win32
	EndGlobalSection
	GlobalSection(SolutionProperties) = preSolution
		HideSolutionNode = FALSE
	EndGlobalSection
	GlobalSection(ExtensibilityGlobals) = postSolution
		SolutionGuid = {D9906B97-3E68-4372-AA9E-C92715394048}
	EndGlobalSection
EndGlobal
